
Microsoft Visual Studio Solution File, Format Version 12.00
# Visual Studio Version 17
VisualStudioVersion = 17.8.34322.80
MinimumVisualStudioVersion = 10.0.40219.1
Project("{9A19103F-16F7-4668-BE54-9A1E7A4F7556}") = "ThoughtsAligned", "ThoughtsAligned\ThoughtsAligned.csproj", "{AC80A9D1-EB8F-4FDE-ABCA-711839661BF3}"
EndProject
Project("{2150E333-8FDC-42A3-9474-1A3956D46DE8}") = "ThoughtsAligned.API", "ThoughtsAligned.API", "{0BB83BAD-3291-4247-809A-6FE0F3E9B354}"
EndProject
Project("{2150E333-8FDC-42A3-9474-1A3956D46DE8}") = "App", "App", "{9F2491DC-DFC7-41B8-B7DA-570C97861BC7}"
EndProject
Project("{E24C65DC-7377-472B-9ABA-BC803B73C61A}") = "ThoughtsAligned.App", "ThoughtsAligned.App\", "{E5EBD90A-537C-424C-8B2B-C5E7E6EB6317}"
	ProjectSection(WebsiteProperties) = preProject
		TargetFrameworkMoniker = ".NETFramework,Version%3Dv4.8.1"
		Debug.AspNetCompiler.VirtualPath = "/localhost_59675"
		Debug.AspNetCompiler.PhysicalPath = "ThoughtsAligned.App\"
		Debug.AspNetCompiler.TargetPath = "PrecompiledWeb\localhost_59675\"
		Debug.AspNetCompiler.Updateable = "true"
		Debug.AspNetCompiler.ForceOverwrite = "true"
		Debug.AspNetCompiler.FixedNames = "false"
		Debug.AspNetCompiler.Debug = "True"
		Release.AspNetCompiler.VirtualPath = "/localhost_59675"
		Release.AspNetCompiler.PhysicalPath = "ThoughtsAligned.App\"
		Release.AspNetCompiler.TargetPath = "PrecompiledWeb\localhost_59675\"
		Release.AspNetCompiler.Updateable = "true"
		Release.AspNetCompiler.ForceOverwrite = "true"
		Release.AspNetCompiler.FixedNames = "false"
		Release.AspNetCompiler.Debug = "False"
		VWDPort = "59675"
		SlnRelativePath = "ThoughtsAligned.App\"
	EndProjectSection
EndProject
Global
	GlobalSection(SolutionConfigurationPlatforms) = preSolution
		Debug|Any CPU = Debug|Any CPU
		Release|Any CPU = Release|Any CPU
	EndGlobalSection
	GlobalSection(ProjectConfigurationPlatforms) = postSolution
		{AC80A9D1-EB8F-4FDE-ABCA-711839661BF3}.Debug|Any CPU.ActiveCfg = Debug|Any CPU
		{AC80A9D1-EB8F-4FDE-ABCA-711839661BF3}.Debug|Any CPU.Build.0 = Debug|Any CPU
		{AC80A9D1-EB8F-4FDE-ABCA-711839661BF3}.Release|Any CPU.ActiveCfg = Release|Any CPU
		{AC80A9D1-EB8F-4FDE-ABCA-711839661BF3}.Release|Any CPU.Build.0 = Release|Any CPU
		{E5EBD90A-537C-424C-8B2B-C5E7E6EB6317}.Debug|Any CPU.ActiveCfg = Debug|Any CPU
		{E5EBD90A-537C-424C-8B2B-C5E7E6EB6317}.Debug|Any CPU.Build.0 = Debug|Any CPU
		{E5EBD90A-537C-424C-8B2B-C5E7E6EB6317}.Release|Any CPU.ActiveCfg = Debug|Any CPU
		{E5EBD90A-537C-424C-8B2B-C5E7E6EB6317}.Release|Any CPU.Build.0 = Debug|Any CPU
	EndGlobalSection
	GlobalSection(SolutionProperties) = preSolution
		HideSolutionNode = FALSE
	EndGlobalSection
	GlobalSection(NestedProjects) = preSolution
		{AC80A9D1-EB8F-4FDE-ABCA-711839661BF3} = {0BB83BAD-3291-4247-809A-6FE0F3E9B354}
		{E5EBD90A-537C-424C-8B2B-C5E7E6EB6317} = {9F2491DC-DFC7-41B8-B7DA-570C97861BC7}
	EndGlobalSection
	GlobalSection(ExtensibilityGlobals) = postSolution
		SolutionGuid = {F441CC8C-0E98-436C-95DF-A5B7A61FB743}
	EndGlobalSection
EndGlobal
